
Microsoft Visual Studio Solution File, Format Version 12.00
# Visual Studio Version 16
VisualStudioVersion = 16.0.31005.135
MinimumVisualStudioVersion = 15.0.26124.0
Project("{9A19103F-16F7-4668-BE54-9A1E7A4F7556}") = "Contactlist.Contacts", "Contactlist.Contacts\Contactlist.Contacts.csproj", "{20D49927-7FEC-44C0-B371-FD43F5077A47}"
EndProject
Project("{2150E333-8FDC-42A3-9474-1A3956D46DE8}") = "Contacts", "Contacts", "{ED0F8789-9FFF-422C-ACBE-B48F68B694C9}"
EndProject
Project("{2150E333-8FDC-42A3-9474-1A3956D46DE8}") = "src", "src", "{DA1C536C-378C-4EBF-B400-2F9C64F4F818}"
EndProject
Project("{2150E333-8FDC-42A3-9474-1A3956D46DE8}") = "ApiGateway", "ApiGateway", "{38CEE5D1-3346-4232-938E-58A3FD188F80}"
EndProject
Project("{2150E333-8FDC-42A3-9474-1A3956D46DE8}") = "Services", "Services", "{72F8DB07-5DDF-4BE8-8E46-F71587372D85}"
EndProject
Project("{2150E333-8FDC-42A3-9474-1A3956D46DE8}") = "WebApp", "WebApp", "{7B1622E5-6D75-4729-867A-A3A2E1083673}"
EndProject
Project("{2150E333-8FDC-42A3-9474-1A3956D46DE8}") = "Common", "Common", "{6032FDAD-9C62-4659-A5F2-65CB274BB15E}"
EndProject
Project("{2150E333-8FDC-42A3-9474-1A3956D46DE8}") = "Manage", "Manage", "{13440607-9DD2-4942-B89B-CF48D7D172FE}"
EndProject
Project("{2150E333-8FDC-42A3-9474-1A3956D46DE8}") = "Reporting", "Reporting", "{38B9960E-3C55-4E30-990A-776BCE40B873}"
EndProject
Project("{E53339B2-1760-4266-BCC7-CA923CBCF16C}") = "docker-compose", "docker-compose.dcproj", "{8D0EA3F6-27FC-4A98-8858-18C8B63E2207}"
EndProject
Project("{9A19103F-16F7-4668-BE54-9A1E7A4F7556}") = "Contactlist.Reporting", "Contactlist.Reporting\Contactlist.Reporting.csproj", "{E372A00B-CEEB-4C35-8419-4067A0757CFB}"
EndProject
Project("{FAE04EC0-301F-11D3-BF4B-00C04F79EFBC}") = "EventBusRabbitMQ", "EventBusRabbitMQ\EventBusRabbitMQ.csproj", "{17B97767-CF02-4A61-AF62-803A60F95DB7}"
EndProject
Project("{FAE04EC0-301F-11D3-BF4B-00C04F79EFBC}") = "ContactList.ApiGateway", "ContactList.ApiGateway\ContactList.ApiGateway.csproj", "{4B195048-55CF-4BDC-84F7-39C9BE7AF35C}"
EndProject
Project("{FAE04EC0-301F-11D3-BF4B-00C04F79EFBC}") = "Contactlist.Core", "Contactlist.Core\Contactlist.Core.csproj", "{95C83729-EEB1-4FA5-AD63-1027C53E4372}"
EndProject
Project("{FAE04EC0-301F-11D3-BF4B-00C04F79EFBC}") = "Contactlist.WebApp", "Contactlist.WebApp\Contactlist.WebApp.csproj", "{E10959AD-747F-47EA-9AB8-B6C079C08B60}"
EndProject
Global
	GlobalSection(SolutionConfigurationPlatforms) = preSolution
		Debug|Any CPU = Debug|Any CPU
		Debug|x64 = Debug|x64
		Debug|x86 = Debug|x86
		Release|Any CPU = Release|Any CPU
		Release|x64 = Release|x64
		Release|x86 = Release|x86
	EndGlobalSection
	GlobalSection(ProjectConfigurationPlatforms) = postSolution
		{20D49927-7FEC-44C0-B371-FD43F5077A47}.Debug|Any CPU.ActiveCfg = Debug|Any CPU
		{20D49927-7FEC-44C0-B371-FD43F5077A47}.Debug|Any CPU.Build.0 = Debug|Any CPU
		{20D49927-7FEC-44C0-B371-FD43F5077A47}.Debug|x64.ActiveCfg = Debug|Any CPU
		{20D49927-7FEC-44C0-B371-FD43F5077A47}.Debug|x64.Build.0 = Debug|Any CPU
		{20D49927-7FEC-44C0-B371-FD43F5077A47}.Debug|x86.ActiveCfg = Debug|Any CPU
		{20D49927-7FEC-44C0-B371-FD43F5077A47}.Debug|x86.Build.0 = Debug|Any CPU
		{20D49927-7FEC-44C0-B371-FD43F5077A47}.Release|Any CPU.ActiveCfg = Release|Any CPU
		{20D49927-7FEC-44C0-B371-FD43F5077A47}.Release|Any CPU.Build.0 = Release|Any CPU
		{20D49927-7FEC-44C0-B371-FD43F5077A47}.Release|x64.ActiveCfg = Release|Any CPU
		{20D49927-7FEC-44C0-B371-FD43F5077A47}.Release|x64.Build.0 = Release|Any CPU
		{20D49927-7FEC-44C0-B371-FD43F5077A47}.Release|x86.ActiveCfg = Release|Any CPU
		{20D49927-7FEC-44C0-B371-FD43F5077A47}.Release|x86.Build.0 = Release|Any CPU
		{8D0EA3F6-27FC-4A98-8858-18C8B63E2207}.Debug|Any CPU.ActiveCfg = Debug|Any CPU
		{8D0EA3F6-27FC-4A98-8858-18C8B63E2207}.Debug|Any CPU.Build.0 = Debug|Any CPU
		{8D0EA3F6-27FC-4A98-8858-18C8B63E2207}.Debug|x64.ActiveCfg = Debug|Any CPU
		{8D0EA3F6-27FC-4A98-8858-18C8B63E2207}.Debug|x64.Build.0 = Debug|Any CPU
		{8D0EA3F6-27FC-4A98-8858-18C8B63E2207}.Debug|x86.ActiveCfg = Debug|Any CPU
		{8D0EA3F6-27FC-4A98-8858-18C8B63E2207}.Debug|x86.Build.0 = Debug|Any CPU
		{8D0EA3F6-27FC-4A98-8858-18C8B63E2207}.Release|Any CPU.ActiveCfg = Release|Any CPU
		{8D0EA3F6-27FC-4A98-8858-18C8B63E2207}.Release|Any CPU.Build.0 = Release|Any CPU
		{8D0EA3F6-27FC-4A98-8858-18C8B63E2207}.Release|x64.ActiveCfg = Release|Any CPU
		{8D0EA3F6-27FC-4A98-8858-18C8B63E2207}.Release|x64.Build.0 = Release|Any CPU
		{8D0EA3F6-27FC-4A98-8858-18C8B63E2207}.Release|x86.ActiveCfg = Release|Any CPU
		{8D0EA3F6-27FC-4A98-8858-18C8B63E2207}.Release|x86.Build.0 = Release|Any CPU
		{E372A00B-CEEB-4C35-8419-4067A0757CFB}.Debug|Any CPU.ActiveCfg = Debug|Any CPU
		{E372A00B-CEEB-4C35-8419-4067A0757CFB}.Debug|Any CPU.Build.0 = Debug|Any CPU
		{E372A00B-CEEB-4C35-8419-4067A0757CFB}.Debug|x64.ActiveCfg = Debug|Any CPU
		{E372A00B-CEEB-4C35-8419-4067A0757CFB}.Debug|x64.Build.0 = Debug|Any CPU
		{E372A00B-CEEB-4C35-8419-4067A0757CFB}.Debug|x86.ActiveCfg = Debug|Any CPU
		{E372A00B-CEEB-4C35-8419-4067A0757CFB}.Debug|x86.Build.0 = Debug|Any CPU
		{E372A00B-CEEB-4C35-8419-4067A0757CFB}.Release|Any CPU.ActiveCfg = Release|Any CPU
		{E372A00B-CEEB-4C35-8419-4067A0757CFB}.Release|Any CPU.Build.0 = Release|Any CPU
		{E372A00B-CEEB-4C35-8419-4067A0757CFB}.Release|x64.ActiveCfg = Release|Any CPU
		{E372A00B-CEEB-4C35-8419-4067A0757CFB}.Release|x64.Build.0 = Release|Any CPU
		{E372A00B-CEEB-4C35-8419-4067A0757CFB}.Release|x86.ActiveCfg = Release|Any CPU
		{E372A00B-CEEB-4C35-8419-4067A0757CFB}.Release|x86.Build.0 = Release|Any CPU
		{17B97767-CF02-4A61-AF62-803A60F95DB7}.Debug|Any CPU.ActiveCfg = Debug|Any CPU
		{17B97767-CF02-4A61-AF62-803A60F95DB7}.Debug|Any CPU.Build.0 = Debug|Any CPU
		{17B97767-CF02-4A61-AF62-803A60F95DB7}.Debug|x64.ActiveCfg = Debug|Any CPU
		{17B97767-CF02-4A61-AF62-803A60F95DB7}.Debug|x64.Build.0 = Debug|Any CPU
		{17B97767-CF02-4A61-AF62-803A60F95DB7}.Debug|x86.ActiveCfg = Debug|Any CPU
		{17B97767-CF02-4A61-AF62-803A60F95DB7}.Debug|x86.Build.0 = Debug|Any CPU
		{17B97767-CF02-4A61-AF62-803A60F95DB7}.Release|Any CPU.ActiveCfg = Release|Any CPU
		{17B97767-CF02-4A61-AF62-803A60F95DB7}.Release|Any CPU.Build.0 = Release|Any CPU
		{17B97767-CF02-4A61-AF62-803A60F95DB7}.Release|x64.ActiveCfg = Release|Any CPU
		{17B97767-CF02-4A61-AF62-803A60F95DB7}.Release|x64.Build.0 = Release|Any CPU
		{17B97767-CF02-4A61-AF62-803A60F95DB7}.Release|x86.ActiveCfg = Release|Any CPU
		{17B97767-CF02-4A61-AF62-803A60F95DB7}.Release|x86.Build.0 = Release|Any CPU
		{4B195048-55CF-4BDC-84F7-39C9BE7AF35C}.Debug|Any CPU.ActiveCfg = Debug|Any CPU
		{4B195048-55CF-4BDC-84F7-39C9BE7AF35C}.Debug|Any CPU.Build.0 = Debug|Any CPU
		{4B195048-55CF-4BDC-84F7-39C9BE7AF35C}.Debug|x64.ActiveCfg = Debug|Any CPU
		{4B195048-55CF-4BDC-84F7-39C9BE7AF35C}.Debug|x64.Build.0 = Debug|Any CPU
		{4B195048-55CF-4BDC-84F7-39C9BE7AF35C}.Debug|x86.ActiveCfg = Debug|Any CPU
		{4B195048-55CF-4BDC-84F7-39C9BE7AF35C}.Debug|x86.Build.0 = Debug|Any CPU
		{4B195048-55CF-4BDC-84F7-39C9BE7AF35C}.Release|Any CPU.ActiveCfg = Release|Any CPU
		{4B195048-55CF-4BDC-84F7-39C9BE7AF35C}.Release|Any CPU.Build.0 = Release|Any CPU
		{4B195048-55CF-4BDC-84F7-39C9BE7AF35C}.Release|x64.ActiveCfg = Release|Any CPU
		{4B195048-55CF-4BDC-84F7-39C9BE7AF35C}.Release|x64.Build.0 = Release|Any CPU
		{4B195048-55CF-4BDC-84F7-39C9BE7AF35C}.Release|x86.ActiveCfg = Release|Any CPU
		{4B195048-55CF-4BDC-84F7-39C9BE7AF35C}.Release|x86.Build.0 = Release|Any CPU
		{95C83729-EEB1-4FA5-AD63-1027C53E4372}.Debug|Any CPU.ActiveCfg = Debug|Any CPU
		{95C83729-EEB1-4FA5-AD63-1027C53E4372}.Debug|Any CPU.Build.0 = Debug|Any CPU
		{95C83729-EEB1-4FA5-AD63-1027C53E4372}.Debug|x64.ActiveCfg = Debug|Any CPU
		{95C83729-EEB1-4FA5-AD63-1027C53E4372}.Debug|x64.Build.0 = Debug|Any CPU
		{95C83729-EEB1-4FA5-AD63-1027C53E4372}.Debug|x86.ActiveCfg = Debug|Any CPU
		{95C83729-EEB1-4FA5-AD63-1027C53E4372}.Debug|x86.Build.0 = Debug|Any CPU
		{95C83729-EEB1-4FA5-AD63-1027C53E4372}.Release|Any CPU.ActiveCfg = Release|Any CPU
		{95C83729-EEB1-4FA5-AD63-1027C53E4372}.Release|Any CPU.Build.0 = Release|Any CPU
		{95C83729-EEB1-4FA5-AD63-1027C53E4372}.Release|x64.ActiveCfg = Release|Any CPU
		{95C83729-EEB1-4FA5-AD63-1027C53E4372}.Release|x64.Build.0 = Release|Any CPU
		{95C83729-EEB1-4FA5-AD63-1027C53E4372}.Release|x86.ActiveCfg = Release|Any CPU
		{95C83729-EEB1-4FA5-AD63-1027C53E4372}.Release|x86.Build.0 = Release|Any CPU
		{E10959AD-747F-47EA-9AB8-B6C079C08B60}.Debug|Any CPU.ActiveCfg = Debug|Any CPU
		{E10959AD-747F-47EA-9AB8-B6C079C08B60}.Debug|Any CPU.Build.0 = Debug|Any CPU
		{E10959AD-747F-47EA-9AB8-B6C079C08B60}.Debug|x64.ActiveCfg = Debug|Any CPU
		{E10959AD-747F-47EA-9AB8-B6C079C08B60}.Debug|x64.Build.0 = Debug|Any CPU
		{E10959AD-747F-47EA-9AB8-B6C079C08B60}.Debug|x86.ActiveCfg = Debug|Any CPU
		{E10959AD-747F-47EA-9AB8-B6C079C08B60}.Debug|x86.Build.0 = Debug|Any CPU
		{E10959AD-747F-47EA-9AB8-B6C079C08B60}.Release|Any CPU.ActiveCfg = Release|Any CPU
		{E10959AD-747F-47EA-9AB8-B6C079C08B60}.Release|Any CPU.Build.0 = Release|Any CPU
		{E10959AD-747F-47EA-9AB8-B6C079C08B60}.Release|x64.ActiveCfg = Release|Any CPU
		{E10959AD-747F-47EA-9AB8-B6C079C08B60}.Release|x64.Build.0 = Release|Any CPU
		{E10959AD-747F-47EA-9AB8-B6C079C08B60}.Release|x86.ActiveCfg = Release|Any CPU
		{E10959AD-747F-47EA-9AB8-B6C079C08B60}.Release|x86.Build.0 = Release|Any CPU
	EndGlobalSection
	GlobalSection(SolutionProperties) = preSolution
		HideSolutionNode = FALSE
	EndGlobalSection
	GlobalSection(NestedProjects) = preSolution
		{20D49927-7FEC-44C0-B371-FD43F5077A47} = {ED0F8789-9FFF-422C-ACBE-B48F68B694C9}
		{ED0F8789-9FFF-422C-ACBE-B48F68B694C9} = {72F8DB07-5DDF-4BE8-8E46-F71587372D85}
		{38CEE5D1-3346-4232-938E-58A3FD188F80} = {DA1C536C-378C-4EBF-B400-2F9C64F4F818}
		{72F8DB07-5DDF-4BE8-8E46-F71587372D85} = {DA1C536C-378C-4EBF-B400-2F9C64F4F818}
		{7B1622E5-6D75-4729-867A-A3A2E1083673} = {DA1C536C-378C-4EBF-B400-2F9C64F4F818}
		{6032FDAD-9C62-4659-A5F2-65CB274BB15E} = {72F8DB07-5DDF-4BE8-8E46-F71587372D85}
		{13440607-9DD2-4942-B89B-CF48D7D172FE} = {72F8DB07-5DDF-4BE8-8E46-F71587372D85}
		{38B9960E-3C55-4E30-990A-776BCE40B873} = {72F8DB07-5DDF-4BE8-8E46-F71587372D85}
		{E372A00B-CEEB-4C35-8419-4067A0757CFB} = {38B9960E-3C55-4E30-990A-776BCE40B873}
		{17B97767-CF02-4A61-AF62-803A60F95DB7} = {6032FDAD-9C62-4659-A5F2-65CB274BB15E}
		{4B195048-55CF-4BDC-84F7-39C9BE7AF35C} = {38CEE5D1-3346-4232-938E-58A3FD188F80}
		{95C83729-EEB1-4FA5-AD63-1027C53E4372} = {7B1622E5-6D75-4729-867A-A3A2E1083673}
		{E10959AD-747F-47EA-9AB8-B6C079C08B60} = {7B1622E5-6D75-4729-867A-A3A2E1083673}
	EndGlobalSection
	GlobalSection(ExtensibilityGlobals) = postSolution
		SolutionGuid = {B19CDE0F-5C46-40F7-BC5D-AC4271BCEF82}
	EndGlobalSection
EndGlobal
